
Microsoft Visual Studio Solution File, Format Version 12.00
# Visual Studio Version 16
VisualStudioVersion = 16.0.30907.101
MinimumVisualStudioVersion = 10.0.40219.1
Project("{FAE04EC0-301F-11D3-BF4B-00C04F79EFBC}") = "Guessing the Number", "Guessing the Number\Guessing the Number.csproj", "{C36F5D32-9467-4E96-A337-A2ADB42A3158}"
EndProject
Global
	GlobalSection(SolutionConfigurationPlatforms) = preSolution
		Debug|Any CPU = Debug|Any CPU
		Release|Any CPU = Release|Any CPU
	EndGlobalSection
	GlobalSection(ProjectConfigurationPlatforms) = postSolution
		{C36F5D32-9467-4E96-A337-A2ADB42A3158}.Debug|Any CPU.ActiveCfg = Debug|Any CPU
		{C36F5D32-9467-4E96-A337-A2ADB42A3158}.Debug|Any CPU.Build.0 = Debug|Any CPU
		{C36F5D32-9467-4E96-A337-A2ADB42A3158}.Release|Any CPU.ActiveCfg = Release|Any CPU
		{C36F5D32-9467-4E96-A337-A2ADB42A3158}.Release|Any CPU.Build.0 = Release|Any CPU
	EndGlobalSection
	GlobalSection(SolutionProperties) = preSolution
		HideSolutionNode = FALSE
	EndGlobalSection
	GlobalSection(ExtensibilityGlobals) = postSolution
		SolutionGuid = {DD45B353-06F4-4B47-A851-3C9CA0B7E580}
	EndGlobalSection
EndGlobal
